
Microsoft Visual Studio Solution File, Format Version 10.00
# Visual Studio 2008
Project("{FAE04EC0-301F-11D3-BF4B-00C04F79EFBC}") = "ShortenURL", "ShortenURL\ShortenURL.csproj", "{14786B33-3AED-466E-9A5A-A66A677F39A5}"
EndProject
Global
	GlobalSection(SolutionConfigurationPlatforms) = preSolution
		Debug|Any CPU = Debug|Any CPU
		Release|Any CPU = Release|Any CPU
	EndGlobalSection
	GlobalSection(ProjectConfigurationPlatforms) = postSolution
		{14786B33-3AED-466E-9A5A-A66A677F39A5}.Debug|Any CPU.ActiveCfg = Debug|Any CPU
		{14786B33-3AED-466E-9A5A-A66A677F39A5}.Debug|Any CPU.Build.0 = Debug|Any CPU
		{14786B33-3AED-466E-9A5A-A66A677F39A5}.Release|Any CPU.ActiveCfg = Release|Any CPU
		{14786B33-3AED-466E-9A5A-A66A677F39A5}.Release|Any CPU.Build.0 = Release|Any CPU
	EndGlobalSection
	GlobalSection(SolutionProperties) = preSolution
		HideSolutionNode = FALSE
	EndGlobalSection
EndGlobal
